
Microsoft Visual Studio Solution File, Format Version 12.00
# Visual Studio Version 17
VisualStudioVersion = 17.7.34031.279
MinimumVisualStudioVersion = 10.0.40219.1
Project("{9A19103F-16F7-4668-BE54-9A1E7A4F7556}") = "Scrapping", "Scrapping\Scrapping.csproj", "{0C5E6D97-ED12-4109-ACB1-AC0ACE5F8A47}"
EndProject
Project("{9A19103F-16F7-4668-BE54-9A1E7A4F7556}") = "Sentiment_Analysis", "Sentiment_Analysis\Sentiment_Analysis.csproj", "{32C9A182-B997-47D5-B751-1EE226670A15}"
EndProject
Project("{9A19103F-16F7-4668-BE54-9A1E7A4F7556}") = "Sentiment_Service", "Sentiment_Service\Sentiment_Service.csproj", "{C2656FB4-C0F9-449E-9061-E73AFBC6C09E}"
EndProject
Global
	GlobalSection(SolutionConfigurationPlatforms) = preSolution
		Debug|Any CPU = Debug|Any CPU
		Release|Any CPU = Release|Any CPU
	EndGlobalSection
	GlobalSection(ProjectConfigurationPlatforms) = postSolution
		{0C5E6D97-ED12-4109-ACB1-AC0ACE5F8A47}.Debug|Any CPU.ActiveCfg = Debug|Any CPU
		{0C5E6D97-ED12-4109-ACB1-AC0ACE5F8A47}.Debug|Any CPU.Build.0 = Debug|Any CPU
		{0C5E6D97-ED12-4109-ACB1-AC0ACE5F8A47}.Release|Any CPU.ActiveCfg = Release|Any CPU
		{0C5E6D97-ED12-4109-ACB1-AC0ACE5F8A47}.Release|Any CPU.Build.0 = Release|Any CPU
		{32C9A182-B997-47D5-B751-1EE226670A15}.Debug|Any CPU.ActiveCfg = Debug|Any CPU
		{32C9A182-B997-47D5-B751-1EE226670A15}.Debug|Any CPU.Build.0 = Debug|Any CPU
		{32C9A182-B997-47D5-B751-1EE226670A15}.Release|Any CPU.ActiveCfg = Release|Any CPU
		{32C9A182-B997-47D5-B751-1EE226670A15}.Release|Any CPU.Build.0 = Release|Any CPU
		{C2656FB4-C0F9-449E-9061-E73AFBC6C09E}.Debug|Any CPU.ActiveCfg = Debug|Any CPU
		{C2656FB4-C0F9-449E-9061-E73AFBC6C09E}.Debug|Any CPU.Build.0 = Debug|Any CPU
		{C2656FB4-C0F9-449E-9061-E73AFBC6C09E}.Release|Any CPU.ActiveCfg = Release|Any CPU
		{C2656FB4-C0F9-449E-9061-E73AFBC6C09E}.Release|Any CPU.Build.0 = Release|Any CPU
	EndGlobalSection
	GlobalSection(SolutionProperties) = preSolution
		HideSolutionNode = FALSE
	EndGlobalSection
	GlobalSection(ExtensibilityGlobals) = postSolution
		SolutionGuid = {8B29A4A2-014A-459E-85E8-29D655C71A99}
	EndGlobalSection
EndGlobal
